// !$*UTF8*$!
{
	archiveVersion = 1;
	classes = {
	};
	objectVersion = 46;
	objects = {

/* Begin PBXBuildFile section */
		5B984E2E1A6E632B001FA45A /* AppDelegate.swift in Sources */ = {isa = PBXBuildFile; fileRef = 5B984E2D1A6E632B001FA45A /* AppDelegate.swift */; };
		5B984E301A6E632B001FA45A /* ViewController.swift in Sources */ = {isa = PBXBuildFile; fileRef = 5B984E2F1A6E632B001FA45A /* ViewController.swift */; };
		5B984E331A6E632B001FA45A /* Main.storyboard in Resources */ = {isa = PBXBuildFile; fileRef = 5B984E311A6E632B001FA45A /* Main.storyboard */; };
		5B984E351A6E632B001FA45A /* Images.xcassets in Resources */ = {isa = PBXBuildFile; fileRef = 5B984E341A6E632B001FA45A /* Images.xcassets */; };
		5B984E381A6E632B001FA45A /* LaunchScreen.xib in Resources */ = {isa = PBXBuildFile; fileRef = 5B984E361A6E632B001FA45A /* LaunchScreen.xib */; };
		5B984E441A6E632B001FA45A /* CookBookTests.swift in Sources */ = {isa = PBXBuildFile; fileRef = 5B984E431A6E632B001FA45A /* CookBookTests.swift */; };
		5B984E4E1A6E7C95001FA45A /* Safari-White.png in Resources */ = {isa = PBXBuildFile; fileRef = 5B984E4D1A6E7C95001FA45A /* Safari-White.png */; };
/* End PBXBuildFile section */

/* Begin PBXContainerItemProxy section */
		5B984E3E1A6E632B001FA45A /* PBXContainerItemProxy */ = {
			isa = PBXContainerItemProxy;
			containerPortal = 5B984E201A6E632B001FA45A /* Project object */;
			proxyType = 1;
			remoteGlobalIDString = 5B984E271A6E632B001FA45A;
			remoteInfo = CookBook;
		};
/* End PBXContainerItemProxy section */

/* Begin PBXFileReference section */
		5B984E281A6E632B001FA45A /* CookBook.app */ = {isa = PBXFileReference; explicitFileType = wrapper.application; includeInIndex = 0; path = CookBook.app; sourceTree = BUILT_PRODUCTS_DIR; };
		5B984E2C1A6E632B001FA45A /* Info.plist */ = {isa = PBXFileReference; lastKnownFileType = text.plist.xml; path = Info.plist; sourceTree = "<group>"; };
		5B984E2D1A6E632B001FA45A /* AppDelegate.swift */ = {isa = PBXFileReference; lastKnownFileType = sourcecode.swift; path = AppDelegate.swift; sourceTree = "<group>"; };
		5B984E2F1A6E632B001FA45A /* ViewController.swift */ = {isa = PBXFileReference; lastKnownFileType = sourcecode.swift; path = ViewController.swift; sourceTree = "<group>"; };
		5B984E321A6E632B001FA45A /* Base */ = {isa = PBXFileReference; lastKnownFileType = file.storyboard; name = Base; path = Base.lproj/Main.storyboard; sourceTree = "<group>"; };
		5B984E341A6E632B001FA45A /* Images.xcassets */ = {isa = PBXFileReference; lastKnownFileType = folder.assetcatalog; path = Images.xcassets; sourceTree = "<group>"; };
		5B984E371A6E632B001FA45A /* Base */ = {isa = PBXFileReference; lastKnownFileType = file.xib; name = Base; path = Base.lproj/LaunchScreen.xib; sourceTree = "<group>"; };
		5B984E3D1A6E632B001FA45A /* CookBookTests.xctest */ = {isa = PBXFileReference; explicitFileType = wrapper.cfbundle; includeInIndex = 0; path = CookBookTests.xctest; sourceTree = BUILT_PRODUCTS_DIR; };
		5B984E421A6E632B001FA45A /* Info.plist */ = {isa = PBXFileReference; lastKnownFileType = text.plist.xml; path = Info.plist; sourceTree = "<group>"; };
		5B984E431A6E632B001FA45A /* CookBookTests.swift */ = {isa = PBXFileReference; lastKnownFileType = sourcecode.swift; path = CookBookTests.swift; sourceTree = "<group>"; };
		5B984E4D1A6E7C95001FA45A /* Safari-White.png */ = {isa = PBXFileReference; lastKnownFileType = image.png; name = "Safari-White.png"; path = "../Safari-White.png"; sourceTree = "<group>"; };
/* End PBXFileReference section */

/* Begin PBXFrameworksBuildPhase section */
		5B984E251A6E632B001FA45A /* Frameworks */ = {
			isa = PBXFrameworksBuildPhase;
			buildActionMask = 2147483647;
			files = (
			);
			runOnlyForDeploymentPostprocessing = 0;
		};
		5B984E3A1A6E632B001FA45A /* Frameworks */ = {
			isa = PBXFrameworksBuildPhase;
			buildActionMask = 2147483647;
			files = (
			);
			runOnlyForDeploymentPostprocessing = 0;
		};
/* End PBXFrameworksBuildPhase section */

/* Begin PBXGroup section */
		5B984E1F1A6E632B001FA45A = {
			isa = PBXGroup;
			children = (
				5B984E2A1A6E632B001FA45A /* CookBook */,
				5B984E401A6E632B001FA45A /* CookBookTests */,
				5B984E291A6E632B001FA45A /* Products */,
			);
			sourceTree = "<group>";
		};
		5B984E291A6E632B001FA45A /* Products */ = {
			isa = PBXGroup;
			children = (
				5B984E281A6E632B001FA45A /* CookBook.app */,
				5B984E3D1A6E632B001FA45A /* CookBookTests.xctest */,
			);
			name = Products;
			sourceTree = "<group>";
		};
		5B984E2A1A6E632B001FA45A /* CookBook */ = {
			isa = PBXGroup;
			children = (
				5B984E2D1A6E632B001FA45A /* AppDelegate.swift */,
				5B984E2F1A6E632B001FA45A /* ViewController.swift */,
				5B984E311A6E632B001FA45A /* Main.storyboard */,
				5B984E341A6E632B001FA45A /* Images.xcassets */,
				5B984E4D1A6E7C95001FA45A /* Safari-White.png */,
				5B984E361A6E632B001FA45A /* LaunchScreen.xib */,
				5B984E2B1A6E632B001FA45A /* Supporting Files */,
			);
			path = CookBook;
			sourceTree = "<group>";
		};
		5B984E2B1A6E632B001FA45A /* Supporting Files */ = {
			isa = PBXGroup;
			children = (
				5B984E2C1A6E632B001FA45A /* Info.plist */,
			);
			name = "Supporting Files";
			sourceTree = "<group>";
		};
		5B984E401A6E632B001FA45A /* CookBookTests */ = {
			isa = PBXGroup;
			children = (
				5B984E431A6E632B001FA45A /* CookBookTests.swift */,
				5B984E411A6E632B001FA45A /* Supporting Files */,
			);
			path = CookBookTests;
			sourceTree = "<group>";
		};
		5B984E411A6E632B001FA45A /* Supporting Files */ = {
			isa = PBXGroup;
			children = (
				5B984E421A6E632B001FA45A /* Info.plist */,
			);
			name = "Supporting Files";
			sourceTree = "<group>";
		};
/* End PBXGroup section */

/* Begin PBXNativeTarget section */
		5B984E271A6E632B001FA45A /* CookBook */ = {
			isa = PBXNativeTarget;
			buildConfigurationList = 5B984E471A6E632B001FA45A /* Build configuration list for PBXNativeTarget "CookBook" */;
			buildPhases = (
				5B984E241A6E632B001FA45A /* Sources */,
				5B984E251A6E632B001FA45A /* Frameworks */,
				5B984E261A6E632B001FA45A /* Resources */,
			);
			buildRules = (
			);
			dependencies = (
			);
			name = CookBook;
			productName = CookBook;
			productReference = 5B984E281A6E632B001FA45A /* CookBook.app */;
			productType = "com.apple.product-type.application";
		};
		5B984E3C1A6E632B001FA45A /* CookBookTests */ = {
			isa = PBXNativeTarget;
			buildConfigurationList = 5B984E4A1A6E632B001FA45A /* Build configuration list for PBXNativeTarget "CookBookTests" */;
			buildPhases = (
				5B984E391A6E632B001FA45A /* Sources */,
				5B984E3A1A6E632B001FA45A /* Frameworks */,
				5B984E3B1A6E632B001FA45A /* Resources */,
			);
			buildRules = (
			);
			dependencies = (
				5B984E3F1A6E632B001FA45A /* PBXTargetDependency */,
			);
			name = CookBookTests;
			productName = CookBookTests;
			productReference = 5B984E3D1A6E632B001FA45A /* CookBookTests.xctest */;
			productType = "com.apple.product-type.bundle.unit-test";
		};
/* End PBXNativeTarget section */

/* Begin PBXProject section */
		5B984E201A6E632B001FA45A /* Project object */ = {
			isa = PBXProject;
			attributes = {
				LastUpgradeCheck = 0610;
				ORGANIZATIONNAME = "Edis Shabi";
				TargetAttributes = {
					5B984E271A6E632B001FA45A = {
						CreatedOnToolsVersion = 6.1.1;
					};
					5B984E3C1A6E632B001FA45A = {
						CreatedOnToolsVersion = 6.1.1;
						TestTargetID = 5B984E271A6E632B001FA45A;
					};
				};
			};
			buildConfigurationList = 5B984E231A6E632B001FA45A /* Build configuration list for PBXProject "CookBook" */;
			compatibilityVersion = "Xcode 3.2";
			developmentRegion = English;
			hasScannedForEncodings = 0;
			knownRegions = (
				en,
				Base,
			);
			mainGroup = 5B984E1F1A6E632B001FA45A;
			productRefGroup = 5B984E291A6E632B001FA45A /* Products */;
			projectDirPath = "";
			projectRoot = "";
			targets = (
				5B984E271A6E632B001FA45A /* CookBook */,
				5B984E3C1A6E632B001FA45A /* CookBookTests */,
			);
		};
/* End PBXProject section */

/* Begin PBXResourcesBuildPhase section */
		5B984E261A6E632B001FA45A /* Resources */ = {
			isa = PBXResourcesBuildPhase;
			buildActionMask = 2147483647;
			files = (
				5B984E331A6E632B001FA45A /* Main.storyboard in Resources */,
				5B984E381A6E632B001FA45A /* LaunchScreen.xib in Resources */,
				5B984E351A6E632B001FA45A /* Images.xcassets in Resources */,
				5B984E4E1A6E7C95001FA45A /* Safari-White.png in Resources */,
			);
			runOnlyForDeploymentPostprocessing = 0;
		};
		5B984E3B1A6E632B001FA45A /* Resources */ = {
			isa = PBXResourcesBuildPhase;
			buildActionMask = 2147483647;
			files = (
			);
			runOnlyForDeploymentPostprocessing = 0;
		};
/* End PBXResourcesBuildPhase section */

/* Begin PBXSourcesBuildPhase section */
		5B984E241A6E632B001FA45A /* Sources */ = {
			isa = PBXSourcesBuildPhase;
			buildActionMask = 2147483647;
			files = (
				5B984E301A6E632B001FA45A /* ViewController.swift in Sources */,
				5B984E2E1A6E632B001FA45A /* AppDelegate.swift in Sources */,
			);
			runOnlyForDeploymentPostprocessing = 0;
		};
		5B984E391A6E632B001FA45A /* Sources */ = {
			isa = PBXSourcesBuildPhase;
			buildActionMask = 2147483647;
			files = (
				5B984E441A6E632B001FA45A /* CookBookTests.swift in Sources */,
			);
			runOnlyForDeploymentPostprocessing = 0;
		};
/* End PBXSourcesBuildPhase section */

/* Begin PBXTargetDependency section */
		5B984E3F1A6E632B001FA45A /* PBXTargetDependency */ = {
			isa = PBXTargetDependency;
			target = 5B984E271A6E632B001FA45A /* CookBook */;
			targetProxy = 5B984E3E1A6E632B001FA45A /* PBXContainerItemProxy */;
		};
/* End PBXTargetDependency section */

/* Begin PBXVariantGroup section */
		5B984E311A6E632B001FA45A /* Main.storyboard */ = {
			isa = PBXVariantGroup;
			children = (
				5B984E321A6E632B001FA45A /* Base */,
			);
			name = Main.storyboard;
			sourceTree = "<group>";
		};
		5B984E361A6E632B001FA45A /* LaunchScreen.xib */ = {
			isa = PBXVariantGroup;
			children = (
				5B984E371A6E632B001FA45A /* Base */,
			);
			name = LaunchScreen.xib;
			sourceTree = "<group>";
		};
/* End PBXVariantGroup section */

/* Begin XCBuildConfiguration section */
		5B984E451A6E632B001FA45A /* Debug */ = {
			isa = XCBuildConfiguration;
			buildSettings = {
				ALWAYS_SEARCH_USER_PATHS = NO;
				CLANG_CXX_LANGUAGE_STANDARD = "gnu++0x";
				CLANG_CXX_LIBRARY = "libc++";
				CLANG_ENABLE_MODULES = YES;
				CLANG_ENABLE_OBJC_ARC = YES;
				CLANG_WARN_BOOL_CONVERSION = YES;
				CLANG_WARN_CONSTANT_CONVERSION = YES;
				CLANG_WARN_DIRECT_OBJC_ISA_USAGE = YES_ERROR;
				CLANG_WARN_EMPTY_BODY = YES;
				CLANG_WARN_ENUM_CONVERSION = YES;
				CLANG_WARN_INT_CONVERSION = YES;
				CLANG_WARN_OBJC_ROOT_CLASS = YES_ERROR;
				CLANG_WARN_UNREACHABLE_CODE = YES;
				CLANG_WARN__DUPLICATE_METHOD_MATCH = YES;
				"CODE_SIGN_IDENTITY[sdk=iphoneos*]" = "iPhone Developer";
				COPY_PHASE_STRIP = NO;
				ENABLE_STRICT_OBJC_MSGSEND = YES;
				GCC_C_LANGUAGE_STANDARD = gnu99;
				GCC_DYNAMIC_NO_PIC = NO;
				GCC_OPTIMIZATION_LEVEL = 0;
				GCC_PREPROCESSOR_DEFINITIONS = (
					"DEBUG=1",
					"$(inherited)",
				);
				GCC_SYMBOLS_PRIVATE_EXTERN = NO;
				GCC_WARN_64_TO_32_BIT_CONVERSION = YES;
				GCC_WARN_ABOUT_RETURN_TYPE = YES_ERROR;
				GCC_WARN_UNDECLARED_SELECTOR = YES;
				GCC_WARN_UNINITIALIZED_AUTOS = YES_AGGRESSIVE;
				GCC_WARN_UNUSED_FUNCTION = YES;
				GCC_WARN_UNUSED_VARIABLE = YES;
				IPHONEOS_DEPLOYMENT_TARGET = 8.1;
				MTL_ENABLE_DEBUG_INFO = YES;
				ONLY_ACTIVE_ARCH = YES;
				SDKROOT = iphoneos;
				SWIFT_OPTIMIZATION_LEVEL = "-Onone";
			};
			name = Debug;
		};
		5B984E461A6E632B001FA45A /* Release */ = {
			isa = XCBuildConfiguration;
			buildSettings = {
				ALWAYS_SEARCH_USER_PATHS = NO;
				CLANG_CXX_LANGUAGE_STANDARD = "gnu++0x";
				CLANG_CXX_LIBRARY = "libc++";
				CLANG_ENABLE_MODULES = YES;
				CLANG_ENABLE_OBJC_ARC = YES;
				CLANG_WARN_BOOL_CONVERSION = YES;
				CLANG_WARN_CONSTANT_CONVERSION = YES;
				CLANG_WARN_DIRECT_OBJC_ISA_USAGE = YES_ERROR;
				CLANG_WARN_EMPTY_BODY = YES;
				CLANG_WARN_ENUM_CONVERSION = YES;
				CLANG_WARN_INT_CONVERSION = YES;
				CLANG_WARN_OBJC_ROOT_CLASS = YES_ERROR;
				CLANG_WARN_UNREACHABLE_CODE = YES;
				CLANG_WARN__DUPLICATE_METHOD_MATCH = YES;
				"CODE_SIGN_IDENTITY[sdk=iphoneos*]" = "iPhone Developer";
				COPY_PHASE_STRIP = YES;
				ENABLE_NS_ASSERTIONS = NO;
				ENABLE_STRICT_OBJC_MSGSEND = YES;
				GCC_C_LANGUAGE_STANDARD = gnu99;
				GCC_WARN_64_TO_32_BIT_CONVERSION = YES;
				GCC_WARN_ABOUT_RETURN_TYPE = YES_ERROR;
				GCC_WARN_UNDECLARED_SELECTOR = YES;
				GCC_WARN_UNINITIALIZED_AUTOS = YES_AGGRESSIVE;
				GCC_WARN_UNUSED_FUNCTION = YES;
				GCC_WARN_UNUSED_VARIABLE = YES;
				IPHONEOS_DEPLOYMENT_TARGET = 8.1;
				MTL_ENABLE_DEBUG_INFO = NO;
				SDKROOT = iphoneos;
				VALIDATE_PRODUCT = YES;
			};
			name = Release;
		};
		5B984E481A6E632B001FA45A /* Debug */ = {
			isa = XCBuildConfiguration;
			buildSettings = {
				ASSETCATALOG_COMPILER_APPICON_NAME = AppIcon;
				INFOPLIST_FILE = CookBook/Info.plist;
				LD_RUNPATH_SEARCH_PATHS = "$(inherited) @executable_path/Frameworks";
				PRODUCT_NAME = "$(TARGET_NAME)";
			};
			name = Debug;
		};
		5B984E491A6E632B001FA45A /* Release */ = {
			isa = XCBuildConfiguration;
			buildSettings = {
				ASSETCATALOG_COMPILER_APPICON_NAME = AppIcon;
				INFOPLIST_FILE = CookBook/Info.plist;
				LD_RUNPATH_SEARCH_PATHS = "$(inherited) @executable_path/Frameworks";
				PRODUCT_NAME = "$(TARGET_NAME)";
			};
			name = Release;
		};
		5B984E4B1A6E632B001FA45A /* Debug */ = {
			isa = XCBuildConfiguration;
			buildSettings = {
				BUNDLE_LOADER = "$(TEST_HOST)";
				FRAMEWORK_SEARCH_PATHS = (
					"$(SDKROOT)/Developer/Library/Frameworks",
					"$(inherited)",
				);
				GCC_PREPROCESSOR_DEFINITIONS = (
					"DEBUG=1",
					"$(inherited)",
				);
				INFOPLIST_FILE = CookBookTests/Info.plist;
				LD_RUNPATH_SEARCH_PATHS = "$(inherited) @executable_path/Frameworks @loader_path/Frameworks";
				PRODUCT_NAME = "$(TARGET_NAME)";
				TEST_HOST = "$(BUILT_PRODUCTS_DIR)/CookBook.app/CookBook";
			};
			name = Debug;
		};
		5B984E4C1A6E632B001FA45A /* Release */ = {
			isa = XCBuildConfiguration;
			buildSettings = {
				BUNDLE_LOADER = "$(TEST_HOST)";
				FRAMEWORK_SEARCH_PATHS = (
					"$(SDKROOT)/Developer/Library/Frameworks",
					"$(inherited)",
				);
				INFOPLIST_FILE = CookBookTests/Info.plist;
				LD_RUNPATH_SEARCH_PATHS = "$(inherited) @executable_path/Frameworks @loader_path/Frameworks";
				PRODUCT_NAME = "$(TARGET_NAME)";
				TEST_HOST = "$(BUILT_PRODUCTS_DIR)/CookBook.app/CookBook";
			};
			name = Release;
		};
/* End XCBuildConfiguration section */

/* Begin XCConfigurationList section */
		5B984E231A6E632B001FA45A /* Build configuration list for PBXProject "CookBook" */ = {
			isa = XCConfigurationList;
			buildConfigurations = (
				5B984E451A6E632B001FA45A /* Debug */,
				5B984E461A6E632B001FA45A /* Release */,
			);
			defaultConfigurationIsVisible = 0;
			defaultConfigurationName = Release;
		};
		5B984E471A6E632B001FA45A /* Build configuration list for PBXNativeTarget "CookBook" */ = {
			isa = XCConfigurationList;
			buildConfigurations = (
				5B984E481A6E632B001FA45A /* Debug */,
				5B984E491A6E632B001FA45A /* Release */,
			);
			defaultConfigurationIsVisible = 0;
			defaultConfigurationName = Release;
		};
		5B984E4A1A6E632B001FA45A /* Build configuration list for PBXNativeTarget "CookBookTests" */ = {
			isa = XCConfigurationList;
			buildConfigurations = (
				5B984E4B1A6E632B001FA45A /* Debug */,
				5B984E4C1A6E632B001FA45A /* Release */,
			);
			defaultConfigurationIsVisible = 0;
			defaultConfigurationName = Release;
		};
/* End XCConfigurationList section */
	};
	rootObject = 5B984E201A6E632B001FA45A /* Project object */;
}
